
Microsoft Visual Studio Solution File, Format Version 12.00
# Visual Studio Version 16
VisualStudioVersion = 16.0.29613.14
MinimumVisualStudioVersion = 10.0.40219.1
Project("{9A19103F-16F7-4668-BE54-9A1E7A4F7556}") = "CleanMyDesktop.Core", "src\CleanMyDesktop.Core\CleanMyDesktop.Core.csproj", "{F5A02E36-B56A-4C12-8C8F-327098DBEDFA}"
EndProject
Project("{2150E333-8FDC-42A3-9474-1A3956D46DE8}") = "tests", "tests", "{AEAD3CAB-A4D7-42ED-888C-C39AC5F1E6BD}"
EndProject
Project("{9A19103F-16F7-4668-BE54-9A1E7A4F7556}") = "CleanMyDesktop.Core.Tests", "tests\CleanMyDesktop.Core.Tests\CleanMyDesktop.Core.Tests.csproj", "{36127646-48F4-4C86-8C3D-8C929A44316F}"
EndProject
Global
	GlobalSection(SolutionConfigurationPlatforms) = preSolution
		Debug|Any CPU = Debug|Any CPU
		Release|Any CPU = Release|Any CPU
	EndGlobalSection
	GlobalSection(ProjectConfigurationPlatforms) = postSolution
		{F5A02E36-B56A-4C12-8C8F-327098DBEDFA}.Debug|Any CPU.ActiveCfg = Debug|Any CPU
		{F5A02E36-B56A-4C12-8C8F-327098DBEDFA}.Debug|Any CPU.Build.0 = Debug|Any CPU
		{F5A02E36-B56A-4C12-8C8F-327098DBEDFA}.Release|Any CPU.ActiveCfg = Release|Any CPU
		{F5A02E36-B56A-4C12-8C8F-327098DBEDFA}.Release|Any CPU.Build.0 = Release|Any CPU
		{36127646-48F4-4C86-8C3D-8C929A44316F}.Debug|Any CPU.ActiveCfg = Debug|Any CPU
		{36127646-48F4-4C86-8C3D-8C929A44316F}.Debug|Any CPU.Build.0 = Debug|Any CPU
		{36127646-48F4-4C86-8C3D-8C929A44316F}.Release|Any CPU.ActiveCfg = Release|Any CPU
		{36127646-48F4-4C86-8C3D-8C929A44316F}.Release|Any CPU.Build.0 = Release|Any CPU
	EndGlobalSection
	GlobalSection(SolutionProperties) = preSolution
		HideSolutionNode = FALSE
	EndGlobalSection
	GlobalSection(NestedProjects) = preSolution
		{36127646-48F4-4C86-8C3D-8C929A44316F} = {AEAD3CAB-A4D7-42ED-888C-C39AC5F1E6BD}
	EndGlobalSection
	GlobalSection(ExtensibilityGlobals) = postSolution
		SolutionGuid = {EF1B7D36-7091-47FC-AC7F-36FD5787E72A}
	EndGlobalSection
EndGlobal
